
Microsoft Visual Studio Solution File, Format Version 12.00
# Visual Studio Version 16
VisualStudioVersion = 16.0.31829.152
MinimumVisualStudioVersion = 10.0.40219.1
Project("{FAE04EC0-301F-11D3-BF4B-00C04F79EFBC}") = "Homework", "Homework\Homework.csproj", "{A7D195F2-1017-4828-8D6B-D509668B031D}"
EndProject
Global
	GlobalSection(SolutionConfigurationPlatforms) = preSolution
		Debug|Any CPU = Debug|Any CPU
		Release|Any CPU = Release|Any CPU
	EndGlobalSection
	GlobalSection(ProjectConfigurationPlatforms) = postSolution
		{A7D195F2-1017-4828-8D6B-D509668B031D}.Debug|Any CPU.ActiveCfg = Debug|Any CPU
		{A7D195F2-1017-4828-8D6B-D509668B031D}.Debug|Any CPU.Build.0 = Debug|Any CPU
		{A7D195F2-1017-4828-8D6B-D509668B031D}.Release|Any CPU.ActiveCfg = Release|Any CPU
		{A7D195F2-1017-4828-8D6B-D509668B031D}.Release|Any CPU.Build.0 = Release|Any CPU
	EndGlobalSection
	GlobalSection(SolutionProperties) = preSolution
		HideSolutionNode = FALSE
	EndGlobalSection
	GlobalSection(ExtensibilityGlobals) = postSolution
		SolutionGuid = {46EE0319-8173-44DD-863F-D4EABB240F2D}
	EndGlobalSection
EndGlobal
